{
  "name": "xiaoheikouyu",
  "version": "1.0.0",
  "lockfileVersion": 1,
  "requires": true,
  "dependencies": {
    "js-base64": {
      "version": "2.5.2",
      "resolved": "https://registry.npm.taobao.org/js-base64/download/js-base64-2.5.2.tgz",
      "integrity": "sha1-MTtidN2nGPcU0AszMLuubjjpAgk="
    },
    "js-md5": {
      "version": "0.7.3",
      "resolved": "https://registry.npm.taobao.org/js-md5/download/js-md5-0.7.3.tgz",
      "integrity": "sha1-tPL7sLMnRV9ZjWcn447Ccs0Jw/I="
    },
    "miniprogram-api-promise": {
      "version": "1.0.4",
      "resolved": "https://registry.npm.taobao.org/miniprogram-api-promise/download/miniprogram-api-promise-1.0.4.tgz",
      "integrity": "sha1-/v6bcpI/0x+IsSRjtQLLRXyJK0w="
    }
  }
}
